// !$*UTF8*$!
{
	archiveVersion = 1;
	classes = {
	};
	objectVersion = 46;
	objects = {

/* Begin PBXBuildFile section */
		3B4063AD1A69FC520067D3DE /* AppDelegate.swift in Sources */ = {isa = PBXBuildFile; fileRef = 3B4063AC1A69FC520067D3DE /* AppDelegate.swift */; };
		3B4063B21A69FC520067D3DE /* Main.storyboard in Resources */ = {isa = PBXBuildFile; fileRef = 3B4063B01A69FC520067D3DE /* Main.storyboard */; };
		3B4063B41A69FC520067D3DE /* Images.xcassets in Resources */ = {isa = PBXBuildFile; fileRef = 3B4063B31A69FC520067D3DE /* Images.xcassets */; };
		3B4063B71A69FC520067D3DE /* LaunchScreen.xib in Resources */ = {isa = PBXBuildFile; fileRef = 3B4063B51A69FC520067D3DE /* LaunchScreen.xib */; };
		3B4063C31A69FC520067D3DE /* SmartCanTests.swift in Sources */ = {isa = PBXBuildFile; fileRef = 3B4063C21A69FC520067D3DE /* SmartCanTests.swift */; };
		3B4063CD1A69FCA10067D3DE /* SCCollectionViewController.swift in Sources */ = {isa = PBXBuildFile; fileRef = 3B4063CC1A69FCA10067D3DE /* SCCollectionViewController.swift */; };
/* End PBXBuildFile section */

/* Begin PBXContainerItemProxy section */
		3B4063BD1A69FC520067D3DE /* PBXContainerItemProxy */ = {
			isa = PBXContainerItemProxy;
			containerPortal = 3B40639F1A69FC520067D3DE /* Project object */;
			proxyType = 1;
			remoteGlobalIDString = 3B4063A61A69FC520067D3DE;
			remoteInfo = SmartCan;
		};
/* End PBXContainerItemProxy section */

/* Begin PBXFileReference section */
		3B4063A71A69FC520067D3DE /* SmartCan.app */ = {isa = PBXFileReference; explicitFileType = wrapper.application; includeInIndex = 0; path = SmartCan.app; sourceTree = BUILT_PRODUCTS_DIR; };
		3B4063AB1A69FC520067D3DE /* Info.plist */ = {isa = PBXFileReference; lastKnownFileType = text.plist.xml; path = Info.plist; sourceTree = "<group>"; };
		3B4063AC1A69FC520067D3DE /* AppDelegate.swift */ = {isa = PBXFileReference; lastKnownFileType = sourcecode.swift; path = AppDelegate.swift; sourceTree = "<group>"; };
		3B4063B11A69FC520067D3DE /* Base */ = {isa = PBXFileReference; lastKnownFileType = file.storyboard; name = Base; path = Base.lproj/Main.storyboard; sourceTree = "<group>"; };
		3B4063B31A69FC520067D3DE /* Images.xcassets */ = {isa = PBXFileReference; lastKnownFileType = folder.assetcatalog; path = Images.xcassets; sourceTree = "<group>"; };
		3B4063B61A69FC520067D3DE /* Base */ = {isa = PBXFileReference; lastKnownFileType = file.xib; name = Base; path = Base.lproj/LaunchScreen.xib; sourceTree = "<group>"; };
		3B4063BC1A69FC520067D3DE /* SmartCanTests.xctest */ = {isa = PBXFileReference; explicitFileType = wrapper.cfbundle; includeInIndex = 0; path = SmartCanTests.xctest; sourceTree = BUILT_PRODUCTS_DIR; };
		3B4063C11A69FC520067D3DE /* Info.plist */ = {isa = PBXFileReference; lastKnownFileType = text.plist.xml; path = Info.plist; sourceTree = "<group>"; };
		3B4063C21A69FC520067D3DE /* SmartCanTests.swift */ = {isa = PBXFileReference; lastKnownFileType = sourcecode.swift; path = SmartCanTests.swift; sourceTree = "<group>"; };
		3B4063CC1A69FCA10067D3DE /* SCCollectionViewController.swift */ = {isa = PBXFileReference; fileEncoding = 4; lastKnownFileType = sourcecode.swift; path = SCCollectionViewController.swift; sourceTree = "<group>"; };
/* End PBXFileReference section */

/* Begin PBXFrameworksBuildPhase section */
		3B4063A41A69FC520067D3DE /* Frameworks */ = {
			isa = PBXFrameworksBuildPhase;
			buildActionMask = 2147483647;
			files = (
			);
			runOnlyForDeploymentPostprocessing = 0;
		};
		3B4063B91A69FC520067D3DE /* Frameworks */ = {
			isa = PBXFrameworksBuildPhase;
			buildActionMask = 2147483647;
			files = (
			);
			runOnlyForDeploymentPostprocessing = 0;
		};
/* End PBXFrameworksBuildPhase section */

/* Begin PBXGroup section */
		3B40639E1A69FC520067D3DE = {
			isa = PBXGroup;
			children = (
				3B4063A91A69FC520067D3DE /* SmartCan */,
				3B4063BF1A69FC520067D3DE /* SmartCanTests */,
				3B4063A81A69FC520067D3DE /* Products */,
			);
			sourceTree = "<group>";
		};
		3B4063A81A69FC520067D3DE /* Products */ = {
			isa = PBXGroup;
			children = (
				3B4063A71A69FC520067D3DE /* SmartCan.app */,
				3B4063BC1A69FC520067D3DE /* SmartCanTests.xctest */,
			);
			name = Products;
			sourceTree = "<group>";
		};
		3B4063A91A69FC520067D3DE /* SmartCan */ = {
			isa = PBXGroup;
			children = (
				3B4063AC1A69FC520067D3DE /* AppDelegate.swift */,
				3B4063CC1A69FCA10067D3DE /* SCCollectionViewController.swift */,
				3B4063B01A69FC520067D3DE /* Main.storyboard */,
				3B4063B31A69FC520067D3DE /* Images.xcassets */,
				3B4063B51A69FC520067D3DE /* LaunchScreen.xib */,
				3B4063AA1A69FC520067D3DE /* Supporting Files */,
			);
			path = SmartCan;
			sourceTree = "<group>";
		};
		3B4063AA1A69FC520067D3DE /* Supporting Files */ = {
			isa = PBXGroup;
			children = (
				3B4063AB1A69FC520067D3DE /* Info.plist */,
			);
			name = "Supporting Files";
			sourceTree = "<group>";
		};
		3B4063BF1A69FC520067D3DE /* SmartCanTests */ = {
			isa = PBXGroup;
			children = (
				3B4063C21A69FC520067D3DE /* SmartCanTests.swift */,
				3B4063C01A69FC520067D3DE /* Supporting Files */,
			);
			path = SmartCanTests;
			sourceTree = "<group>";
		};
		3B4063C01A69FC520067D3DE /* Supporting Files */ = {
			isa = PBXGroup;
			children = (
				3B4063C11A69FC520067D3DE /* Info.plist */,
			);
			name = "Supporting Files";
			sourceTree = "<group>";
		};
/* End PBXGroup section */

/* Begin PBXNativeTarget section */
		3B4063A61A69FC520067D3DE /* SmartCan */ = {
			isa = PBXNativeTarget;
			buildConfigurationList = 3B4063C61A69FC520067D3DE /* Build configuration list for PBXNativeTarget "SmartCan" */;
			buildPhases = (
				3B4063A31A69FC520067D3DE /* Sources */,
				3B4063A41A69FC520067D3DE /* Frameworks */,
				3B4063A51A69FC520067D3DE /* Resources */,
			);
			buildRules = (
			);
			dependencies = (
			);
			name = SmartCan;
			productName = SmartCan;
			productReference = 3B4063A71A69FC520067D3DE /* SmartCan.app */;
			productType = "com.apple.product-type.application";
		};
		3B4063BB1A69FC520067D3DE /* SmartCanTests */ = {
			isa = PBXNativeTarget;
			buildConfigurationList = 3B4063C91A69FC520067D3DE /* Build configuration list for PBXNativeTarget "SmartCanTests" */;
			buildPhases = (
				3B4063B81A69FC520067D3DE /* Sources */,
				3B4063B91A69FC520067D3DE /* Frameworks */,
				3B4063BA1A69FC520067D3DE /* Resources */,
			);
			buildRules = (
			);
			dependencies = (
				3B4063BE1A69FC520067D3DE /* PBXTargetDependency */,
			);
			name = SmartCanTests;
			productName = SmartCanTests;
			productReference = 3B4063BC1A69FC520067D3DE /* SmartCanTests.xctest */;
			productType = "com.apple.product-type.bundle.unit-test";
		};
/* End PBXNativeTarget section */

/* Begin PBXProject section */
		3B40639F1A69FC520067D3DE /* Project object */ = {
			isa = PBXProject;
			attributes = {
				LastUpgradeCheck = 0610;
				ORGANIZATIONNAME = "Colin King";
				TargetAttributes = {
					3B4063A61A69FC520067D3DE = {
						CreatedOnToolsVersion = 6.1.1;
					};
					3B4063BB1A69FC520067D3DE = {
						CreatedOnToolsVersion = 6.1.1;
						TestTargetID = 3B4063A61A69FC520067D3DE;
					};
				};
			};
			buildConfigurationList = 3B4063A21A69FC520067D3DE /* Build configuration list for PBXProject "SmartCan" */;
			compatibilityVersion = "Xcode 3.2";
			developmentRegion = English;
			hasScannedForEncodings = 0;
			knownRegions = (
				en,
				Base,
			);
			mainGroup = 3B40639E1A69FC520067D3DE;
			productRefGroup = 3B4063A81A69FC520067D3DE /* Products */;
			projectDirPath = "";
			projectRoot = "";
			targets = (
				3B4063A61A69FC520067D3DE /* SmartCan */,
				3B4063BB1A69FC520067D3DE /* SmartCanTests */,
			);
		};
/* End PBXProject section */

/* Begin PBXResourcesBuildPhase section */
		3B4063A51A69FC520067D3DE /* Resources */ = {
			isa = PBXResourcesBuildPhase;
			buildActionMask = 2147483647;
			files = (
				3B4063B21A69FC520067D3DE /* Main.storyboard in Resources */,
				3B4063B71A69FC520067D3DE /* LaunchScreen.xib in Resources */,
				3B4063B41A69FC520067D3DE /* Images.xcassets in Resources */,
			);
			runOnlyForDeploymentPostprocessing = 0;
		};
		3B4063BA1A69FC520067D3DE /* Resources */ = {
			isa = PBXResourcesBuildPhase;
			buildActionMask = 2147483647;
			files = (
			);
			runOnlyForDeploymentPostprocessing = 0;
		};
/* End PBXResourcesBuildPhase section */

/* Begin PBXSourcesBuildPhase section */
		3B4063A31A69FC520067D3DE /* Sources */ = {
			isa = PBXSourcesBuildPhase;
			buildActionMask = 2147483647;
			files = (
				3B4063CD1A69FCA10067D3DE /* SCCollectionViewController.swift in Sources */,
				3B4063AD1A69FC520067D3DE /* AppDelegate.swift in Sources */,
			);
			runOnlyForDeploymentPostprocessing = 0;
		};
		3B4063B81A69FC520067D3DE /* Sources */ = {
			isa = PBXSourcesBuildPhase;
			buildActionMask = 2147483647;
			files = (
				3B4063C31A69FC520067D3DE /* SmartCanTests.swift in Sources */,
			);
			runOnlyForDeploymentPostprocessing = 0;
		};
/* End PBXSourcesBuildPhase section */

/* Begin PBXTargetDependency section */
		3B4063BE1A69FC520067D3DE /* PBXTargetDependency */ = {
			isa = PBXTargetDependency;
			target = 3B4063A61A69FC520067D3DE /* SmartCan */;
			targetProxy = 3B4063BD1A69FC520067D3DE /* PBXContainerItemProxy */;
		};
/* End PBXTargetDependency section */

/* Begin PBXVariantGroup section */
		3B4063B01A69FC520067D3DE /* Main.storyboard */ = {
			isa = PBXVariantGroup;
			children = (
				3B4063B11A69FC520067D3DE /* Base */,
			);
			name = Main.storyboard;
			sourceTree = "<group>";
		};
		3B4063B51A69FC520067D3DE /* LaunchScreen.xib */ = {
			isa = PBXVariantGroup;
			children = (
				3B4063B61A69FC520067D3DE /* Base */,
			);
			name = LaunchScreen.xib;
			sourceTree = "<group>";
		};
/* End PBXVariantGroup section */

/* Begin XCBuildConfiguration section */
		3B4063C41A69FC520067D3DE /* Debug */ = {
			isa = XCBuildConfiguration;
			buildSettings = {
				ALWAYS_SEARCH_USER_PATHS = NO;
				CLANG_CXX_LANGUAGE_STANDARD = "gnu++0x";
				CLANG_CXX_LIBRARY = "libc++";
				CLANG_ENABLE_MODULES = YES;
				CLANG_ENABLE_OBJC_ARC = YES;
				CLANG_WARN_BOOL_CONVERSION = YES;
				CLANG_WARN_CONSTANT_CONVERSION = YES;
				CLANG_WARN_DIRECT_OBJC_ISA_USAGE = YES_ERROR;
				CLANG_WARN_EMPTY_BODY = YES;
				CLANG_WARN_ENUM_CONVERSION = YES;
				CLANG_WARN_INT_CONVERSION = YES;
				CLANG_WARN_OBJC_ROOT_CLASS = YES_ERROR;
				CLANG_WARN_UNREACHABLE_CODE = YES;
				CLANG_WARN__DUPLICATE_METHOD_MATCH = YES;
				"CODE_SIGN_IDENTITY[sdk=iphoneos*]" = "iPhone Developer";
				COPY_PHASE_STRIP = NO;
				ENABLE_STRICT_OBJC_MSGSEND = YES;
				GCC_C_LANGUAGE_STANDARD = gnu99;
				GCC_DYNAMIC_NO_PIC = NO;
				GCC_OPTIMIZATION_LEVEL = 0;
				GCC_PREPROCESSOR_DEFINITIONS = (
					"DEBUG=1",
					"$(inherited)",
				);
				GCC_SYMBOLS_PRIVATE_EXTERN = NO;
				GCC_WARN_64_TO_32_BIT_CONVERSION = YES;
				GCC_WARN_ABOUT_RETURN_TYPE = YES_ERROR;
				GCC_WARN_UNDECLARED_SELECTOR = YES;
				GCC_WARN_UNINITIALIZED_AUTOS = YES_AGGRESSIVE;
				GCC_WARN_UNUSED_FUNCTION = YES;
				GCC_WARN_UNUSED_VARIABLE = YES;
				IPHONEOS_DEPLOYMENT_TARGET = 8.1;
				MTL_ENABLE_DEBUG_INFO = YES;
				ONLY_ACTIVE_ARCH = YES;
				SDKROOT = iphoneos;
				SWIFT_OPTIMIZATION_LEVEL = "-Onone";
			};
			name = Debug;
		};
		3B4063C51A69FC520067D3DE /* Release */ = {
			isa = XCBuildConfiguration;
			buildSettings = {
				ALWAYS_SEARCH_USER_PATHS = NO;
				CLANG_CXX_LANGUAGE_STANDARD = "gnu++0x";
				CLANG_CXX_LIBRARY = "libc++";
				CLANG_ENABLE_MODULES = YES;
				CLANG_ENABLE_OBJC_ARC = YES;
				CLANG_WARN_BOOL_CONVERSION = YES;
				CLANG_WARN_CONSTANT_CONVERSION = YES;
				CLANG_WARN_DIRECT_OBJC_ISA_USAGE = YES_ERROR;
				CLANG_WARN_EMPTY_BODY = YES;
				CLANG_WARN_ENUM_CONVERSION = YES;
				CLANG_WARN_INT_CONVERSION = YES;
				CLANG_WARN_OBJC_ROOT_CLASS = YES_ERROR;
				CLANG_WARN_UNREACHABLE_CODE = YES;
				CLANG_WARN__DUPLICATE_METHOD_MATCH = YES;
				"CODE_SIGN_IDENTITY[sdk=iphoneos*]" = "iPhone Developer";
				COPY_PHASE_STRIP = YES;
				ENABLE_NS_ASSERTIONS = NO;
				ENABLE_STRICT_OBJC_MSGSEND = YES;
				GCC_C_LANGUAGE_STANDARD = gnu99;
				GCC_WARN_64_TO_32_BIT_CONVERSION = YES;
				GCC_WARN_ABOUT_RETURN_TYPE = YES_ERROR;
				GCC_WARN_UNDECLARED_SELECTOR = YES;
				GCC_WARN_UNINITIALIZED_AUTOS = YES_AGGRESSIVE;
				GCC_WARN_UNUSED_FUNCTION = YES;
				GCC_WARN_UNUSED_VARIABLE = YES;
				IPHONEOS_DEPLOYMENT_TARGET = 8.1;
				MTL_ENABLE_DEBUG_INFO = NO;
				SDKROOT = iphoneos;
				VALIDATE_PRODUCT = YES;
			};
			name = Release;
		};
		3B4063C71A69FC520067D3DE /* Debug */ = {
			isa = XCBuildConfiguration;
			buildSettings = {
				ASSETCATALOG_COMPILER_APPICON_NAME = AppIcon;
				INFOPLIST_FILE = SmartCan/Info.plist;
				LD_RUNPATH_SEARCH_PATHS = "$(inherited) @executable_path/Frameworks";
				PRODUCT_NAME = "$(TARGET_NAME)";
			};
			name = Debug;
		};
		3B4063C81A69FC520067D3DE /* Release */ = {
			isa = XCBuildConfiguration;
			buildSettings = {
				ASSETCATALOG_COMPILER_APPICON_NAME = AppIcon;
				INFOPLIST_FILE = SmartCan/Info.plist;
				LD_RUNPATH_SEARCH_PATHS = "$(inherited) @executable_path/Frameworks";
				PRODUCT_NAME = "$(TARGET_NAME)";
			};
			name = Release;
		};
		3B4063CA1A69FC520067D3DE /* Debug */ = {
			isa = XCBuildConfiguration;
			buildSettings = {
				BUNDLE_LOADER = "$(TEST_HOST)";
				FRAMEWORK_SEARCH_PATHS = (
					"$(SDKROOT)/Developer/Library/Frameworks",
					"$(inherited)",
				);
				GCC_PREPROCESSOR_DEFINITIONS = (
					"DEBUG=1",
					"$(inherited)",
				);
				INFOPLIST_FILE = SmartCanTests/Info.plist;
				LD_RUNPATH_SEARCH_PATHS = "$(inherited) @executable_path/Frameworks @loader_path/Frameworks";
				PRODUCT_NAME = "$(TARGET_NAME)";
				TEST_HOST = "$(BUILT_PRODUCTS_DIR)/SmartCan.app/SmartCan";
			};
			name = Debug;
		};
		3B4063CB1A69FC520067D3DE /* Release */ = {
			isa = XCBuildConfiguration;
			buildSettings = {
				BUNDLE_LOADER = "$(TEST_HOST)";
				FRAMEWORK_SEARCH_PATHS = (
					"$(SDKROOT)/Developer/Library/Frameworks",
					"$(inherited)",
				);
				INFOPLIST_FILE = SmartCanTests/Info.plist;
				LD_RUNPATH_SEARCH_PATHS = "$(inherited) @executable_path/Frameworks @loader_path/Frameworks";
				PRODUCT_NAME = "$(TARGET_NAME)";
				TEST_HOST = "$(BUILT_PRODUCTS_DIR)/SmartCan.app/SmartCan";
			};
			name = Release;
		};
/* End XCBuildConfiguration section */

/* Begin XCConfigurationList section */
		3B4063A21A69FC520067D3DE /* Build configuration list for PBXProject "SmartCan" */ = {
			isa = XCConfigurationList;
			buildConfigurations = (
				3B4063C41A69FC520067D3DE /* Debug */,
				3B4063C51A69FC520067D3DE /* Release */,
			);
			defaultConfigurationIsVisible = 0;
			defaultConfigurationName = Release;
		};
		3B4063C61A69FC520067D3DE /* Build configuration list for PBXNativeTarget "SmartCan" */ = {
			isa = XCConfigurationList;
			buildConfigurations = (
				3B4063C71A69FC520067D3DE /* Debug */,
				3B4063C81A69FC520067D3DE /* Release */,
			);
			defaultConfigurationIsVisible = 0;
		};
		3B4063C91A69FC520067D3DE /* Build configuration list for PBXNativeTarget "SmartCanTests" */ = {
			isa = XCConfigurationList;
			buildConfigurations = (
				3B4063CA1A69FC520067D3DE /* Debug */,
				3B4063CB1A69FC520067D3DE /* Release */,
			);
			defaultConfigurationIsVisible = 0;
		};
/* End XCConfigurationList section */
	};
	rootObject = 3B40639F1A69FC520067D3DE /* Project object */;
}
